
Microsoft Visual Studio Solution File, Format Version 12.00
# Visual Studio Version 16
VisualStudioVersion = 16.0.29920.165
MinimumVisualStudioVersion = 10.0.40219.1
Project("{FAE04EC0-301F-11D3-BF4B-00C04F79EFBC}") = "IO_Intro", "IO_Intro\IO_Intro.csproj", "{53727281-2FE2-4EA0-A9D2-27172711BD2C}"
EndProject
Global
	GlobalSection(SolutionConfigurationPlatforms) = preSolution
		Debug|Any CPU = Debug|Any CPU
		Release|Any CPU = Release|Any CPU
	EndGlobalSection
	GlobalSection(ProjectConfigurationPlatforms) = postSolution
		{53727281-2FE2-4EA0-A9D2-27172711BD2C}.Debug|Any CPU.ActiveCfg = Debug|Any CPU
		{53727281-2FE2-4EA0-A9D2-27172711BD2C}.Debug|Any CPU.Build.0 = Debug|Any CPU
		{53727281-2FE2-4EA0-A9D2-27172711BD2C}.Release|Any CPU.ActiveCfg = Release|Any CPU
		{53727281-2FE2-4EA0-A9D2-27172711BD2C}.Release|Any CPU.Build.0 = Release|Any CPU
	EndGlobalSection
	GlobalSection(SolutionProperties) = preSolution
		HideSolutionNode = FALSE
	EndGlobalSection
	GlobalSection(ExtensibilityGlobals) = postSolution
		SolutionGuid = {3470A81A-530E-4086-ABEA-ED966FEF5400}
	EndGlobalSection
EndGlobal
